
Microsoft Visual Studio Solution File, Format Version 12.00
# Visual Studio Version 17
VisualStudioVersion = 17.8.34330.188
MinimumVisualStudioVersion = 10.0.40219.1
Project("{FAE04EC0-301F-11D3-BF4B-00C04F79EFBC}") = "EvaluateWireEvent", "EvaluateWireEvent.csproj", "{8EBAEEF6-26AD-48EA-A691-BBF50707DAA7}"
EndProject
Global
	GlobalSection(SolutionConfigurationPlatforms) = preSolution
		Debug|Any CPU = Debug|Any CPU
		Release|Any CPU = Release|Any CPU
	EndGlobalSection
	GlobalSection(ProjectConfigurationPlatforms) = postSolution
		{8EBAEEF6-26AD-48EA-A691-BBF50707DAA7}.Debug|Any CPU.ActiveCfg = Debug|Any CPU
		{8EBAEEF6-26AD-48EA-A691-BBF50707DAA7}.Debug|Any CPU.Build.0 = Debug|Any CPU
		{8EBAEEF6-26AD-48EA-A691-BBF50707DAA7}.Release|Any CPU.ActiveCfg = Release|Any CPU
		{8EBAEEF6-26AD-48EA-A691-BBF50707DAA7}.Release|Any CPU.Build.0 = Release|Any CPU
	EndGlobalSection
	GlobalSection(SolutionProperties) = preSolution
		HideSolutionNode = FALSE
	EndGlobalSection
	GlobalSection(ExtensibilityGlobals) = postSolution
		SolutionGuid = {B64816A8-C4BD-48C3-8389-14B19C71424E}
	EndGlobalSection
EndGlobal
